// !$*UTF8*$!
{
	archiveVersion = 1;
	classes = {
	};
	objectVersion = 48;
	objects = {

/* Begin PBXBuildFile section */
		B665ACAA206B7F26003038C2 /* AppDelegate.m in Sources */ = {isa = PBXBuildFile; fileRef = B665ACA9206B7F26003038C2 /* AppDelegate.m */; };
		B665ACAD206B7F26003038C2 /* ViewController.m in Sources */ = {isa = PBXBuildFile; fileRef = B665ACAC206B7F26003038C2 /* ViewController.m */; };
		B665ACB0206B7F26003038C2 /* Main.storyboard in Resources */ = {isa = PBXBuildFile; fileRef = B665ACAE206B7F26003038C2 /* Main.storyboard */; };
		B665ACB2206B7F26003038C2 /* Assets.xcassets in Resources */ = {isa = PBXBuildFile; fileRef = B665ACB1206B7F26003038C2 /* Assets.xcassets */; };
		B665ACB5206B7F26003038C2 /* LaunchScreen.storyboard in Resources */ = {isa = PBXBuildFile; fileRef = B665ACB3206B7F26003038C2 /* LaunchScreen.storyboard */; };
		B665ACB8206B7F26003038C2 /* main.m in Sources */ = {isa = PBXBuildFile; fileRef = B665ACB7206B7F26003038C2 /* main.m */; };
		B665ACC1206B7F9F003038C2 /* SnapShotView.m in Sources */ = {isa = PBXBuildFile; fileRef = B665ACC0206B7F9F003038C2 /* SnapShotView.m */; };
		B665ACC4206B9187003038C2 /* 海-天才.gif in Resources */ = {isa = PBXBuildFile; fileRef = B665ACC3206B9187003038C2 /* 海-天才.gif */; };
/* End PBXBuildFile section */

/* Begin PBXFileReference section */
		B665ACA5206B7F26003038C2 /* SnapshotDemo.app */ = {isa = PBXFileReference; explicitFileType = wrapper.application; includeInIndex = 0; path = SnapshotDemo.app; sourceTree = BUILT_PRODUCTS_DIR; };
		B665ACA8206B7F26003038C2 /* AppDelegate.h */ = {isa = PBXFileReference; lastKnownFileType = sourcecode.c.h; path = AppDelegate.h; sourceTree = "<group>"; };
		B665ACA9206B7F26003038C2 /* AppDelegate.m */ = {isa = PBXFileReference; lastKnownFileType = sourcecode.c.objc; path = AppDelegate.m; sourceTree = "<group>"; };
		B665ACAB206B7F26003038C2 /* ViewController.h */ = {isa = PBXFileReference; lastKnownFileType = sourcecode.c.h; path = ViewController.h; sourceTree = "<group>"; };
		B665ACAC206B7F26003038C2 /* ViewController.m */ = {isa = PBXFileReference; lastKnownFileType = sourcecode.c.objc; path = ViewController.m; sourceTree = "<group>"; };
		B665ACAF206B7F26003038C2 /* Base */ = {isa = PBXFileReference; lastKnownFileType = file.storyboard; name = Base; path = Base.lproj/Main.storyboard; sourceTree = "<group>"; };
		B665ACB1206B7F26003038C2 /* Assets.xcassets */ = {isa = PBXFileReference; lastKnownFileType = folder.assetcatalog; path = Assets.xcassets; sourceTree = "<group>"; };
		B665ACB4206B7F26003038C2 /* Base */ = {isa = PBXFileReference; lastKnownFileType = file.storyboard; name = Base; path = Base.lproj/LaunchScreen.storyboard; sourceTree = "<group>"; };
		B665ACB6206B7F26003038C2 /* Info.plist */ = {isa = PBXFileReference; lastKnownFileType = text.plist.xml; path = Info.plist; sourceTree = "<group>"; };
		B665ACB7206B7F26003038C2 /* main.m */ = {isa = PBXFileReference; lastKnownFileType = sourcecode.c.objc; path = main.m; sourceTree = "<group>"; };
		B665ACBF206B7F9F003038C2 /* SnapShotView.h */ = {isa = PBXFileReference; lastKnownFileType = sourcecode.c.h; path = SnapShotView.h; sourceTree = "<group>"; };
		B665ACC0206B7F9F003038C2 /* SnapShotView.m */ = {isa = PBXFileReference; lastKnownFileType = sourcecode.c.objc; path = SnapShotView.m; sourceTree = "<group>"; };
		B665ACC3206B9187003038C2 /* 海-天才.gif */ = {isa = PBXFileReference; lastKnownFileType = image.gif; path = "海-天才.gif"; sourceTree = "<group>"; };
/* End PBXFileReference section */

/* Begin PBXFrameworksBuildPhase section */
		B665ACA2206B7F26003038C2 /* Frameworks */ = {
			isa = PBXFrameworksBuildPhase;
			buildActionMask = 2147483647;
			files = (
			);
			runOnlyForDeploymentPostprocessing = 0;
		};
/* End PBXFrameworksBuildPhase section */

/* Begin PBXGroup section */
		B665AC9C206B7F26003038C2 = {
			isa = PBXGroup;
			children = (
				B665ACA7206B7F26003038C2 /* SnapshotDemo */,
				B665ACA6206B7F26003038C2 /* Products */,
			);
			sourceTree = "<group>";
		};
		B665ACA6206B7F26003038C2 /* Products */ = {
			isa = PBXGroup;
			children = (
				B665ACA5206B7F26003038C2 /* SnapshotDemo.app */,
			);
			name = Products;
			sourceTree = "<group>";
		};
		B665ACA7206B7F26003038C2 /* SnapshotDemo */ = {
			isa = PBXGroup;
			children = (
				B665ACBE206B7F6D003038C2 /* SnapShot */,
				B665ACA8206B7F26003038C2 /* AppDelegate.h */,
				B665ACA9206B7F26003038C2 /* AppDelegate.m */,
				B665ACAB206B7F26003038C2 /* ViewController.h */,
				B665ACAC206B7F26003038C2 /* ViewController.m */,
				B665ACAE206B7F26003038C2 /* Main.storyboard */,
				B665ACB1206B7F26003038C2 /* Assets.xcassets */,
				B665ACB3206B7F26003038C2 /* LaunchScreen.storyboard */,
				B665ACB6206B7F26003038C2 /* Info.plist */,
				B665ACB7206B7F26003038C2 /* main.m */,
				B665ACC2206B9187003038C2 /* showImgs */,
			);
			path = SnapshotDemo;
			sourceTree = "<group>";
		};
		B665ACBE206B7F6D003038C2 /* SnapShot */ = {
			isa = PBXGroup;
			children = (
				B665ACBF206B7F9F003038C2 /* SnapShotView.h */,
				B665ACC0206B7F9F003038C2 /* SnapShotView.m */,
			);
			path = SnapShot;
			sourceTree = "<group>";
		};
		B665ACC2206B9187003038C2 /* showImgs */ = {
			isa = PBXGroup;
			children = (
				B665ACC3206B9187003038C2 /* 海-天才.gif */,
			);
			path = showImgs;
			sourceTree = "<group>";
		};
/* End PBXGroup section */

/* Begin PBXNativeTarget section */
		B665ACA4206B7F26003038C2 /* SnapshotDemo */ = {
			isa = PBXNativeTarget;
			buildConfigurationList = B665ACBB206B7F26003038C2 /* Build configuration list for PBXNativeTarget "SnapshotDemo" */;
			buildPhases = (
				B665ACA1206B7F26003038C2 /* Sources */,
				B665ACA2206B7F26003038C2 /* Frameworks */,
				B665ACA3206B7F26003038C2 /* Resources */,
			);
			buildRules = (
			);
			dependencies = (
			);
			name = SnapshotDemo;
			productName = SnapshotDemo;
			productReference = B665ACA5206B7F26003038C2 /* SnapshotDemo.app */;
			productType = "com.apple.product-type.application";
		};
/* End PBXNativeTarget section */

/* Begin PBXProject section */
		B665AC9D206B7F26003038C2 /* Project object */ = {
			isa = PBXProject;
			attributes = {
				LastUpgradeCheck = 0920;
				ORGANIZATIONNAME = com.beiWei36du;
				TargetAttributes = {
					B665ACA4206B7F26003038C2 = {
						CreatedOnToolsVersion = 9.2;
						ProvisioningStyle = Automatic;
					};
				};
			};
			buildConfigurationList = B665ACA0206B7F26003038C2 /* Build configuration list for PBXProject "SnapshotDemo" */;
			compatibilityVersion = "Xcode 8.0";
			developmentRegion = en;
			hasScannedForEncodings = 0;
			knownRegions = (
				en,
				Base,
			);
			mainGroup = B665AC9C206B7F26003038C2;
			productRefGroup = B665ACA6206B7F26003038C2 /* Products */;
			projectDirPath = "";
			projectRoot = "";
			targets = (
				B665ACA4206B7F26003038C2 /* SnapshotDemo */,
			);
		};
/* End PBXProject section */

/* Begin PBXResourcesBuildPhase section */
		B665ACA3206B7F26003038C2 /* Resources */ = {
			isa = PBXResourcesBuildPhase;
			buildActionMask = 2147483647;
			files = (
				B665ACB5206B7F26003038C2 /* LaunchScreen.storyboard in Resources */,
				B665ACB2206B7F26003038C2 /* Assets.xcassets in Resources */,
				B665ACC4206B9187003038C2 /* 海-天才.gif in Resources */,
				B665ACB0206B7F26003038C2 /* Main.storyboard in Resources */,
			);
			runOnlyForDeploymentPostprocessing = 0;
		};
/* End PBXResourcesBuildPhase section */

/* Begin PBXSourcesBuildPhase section */
		B665ACA1206B7F26003038C2 /* Sources */ = {
			isa = PBXSourcesBuildPhase;
			buildActionMask = 2147483647;
			files = (
				B665ACC1206B7F9F003038C2 /* SnapShotView.m in Sources */,
				B665ACAD206B7F26003038C2 /* ViewController.m in Sources */,
				B665ACB8206B7F26003038C2 /* main.m in Sources */,
				B665ACAA206B7F26003038C2 /* AppDelegate.m in Sources */,
			);
			runOnlyForDeploymentPostprocessing = 0;
		};
/* End PBXSourcesBuildPhase section */

/* Begin PBXVariantGroup section */
		B665ACAE206B7F26003038C2 /* Main.storyboard */ = {
			isa = PBXVariantGroup;
			children = (
				B665ACAF206B7F26003038C2 /* Base */,
			);
			name = Main.storyboard;
			sourceTree = "<group>";
		};
		B665ACB3206B7F26003038C2 /* LaunchScreen.storyboard */ = {
			isa = PBXVariantGroup;
			children = (
				B665ACB4206B7F26003038C2 /* Base */,
			);
			name = LaunchScreen.storyboard;
			sourceTree = "<group>";
		};
/* End PBXVariantGroup section */

/* Begin XCBuildConfiguration section */
		B665ACB9206B7F26003038C2 /* Debug */ = {
			isa = XCBuildConfiguration;
			buildSettings = {
				ALWAYS_SEARCH_USER_PATHS = NO;
				CLANG_ANALYZER_NONNULL = YES;
				CLANG_ANALYZER_NUMBER_OBJECT_CONVERSION = YES_AGGRESSIVE;
				CLANG_CXX_LANGUAGE_STANDARD = "gnu++14";
				CLANG_CXX_LIBRARY = "libc++";
				CLANG_ENABLE_MODULES = YES;
				CLANG_ENABLE_OBJC_ARC = YES;
				CLANG_WARN_BLOCK_CAPTURE_AUTORELEASING = YES;
				CLANG_WARN_BOOL_CONVERSION = YES;
				CLANG_WARN_COMMA = YES;
				CLANG_WARN_CONSTANT_CONVERSION = YES;
				CLANG_WARN_DIRECT_OBJC_ISA_USAGE = YES_ERROR;
				CLANG_WARN_DOCUMENTATION_COMMENTS = YES;
				CLANG_WARN_EMPTY_BODY = YES;
				CLANG_WARN_ENUM_CONVERSION = YES;
				CLANG_WARN_INFINITE_RECURSION = YES;
				CLANG_WARN_INT_CONVERSION = YES;
				CLANG_WARN_NON_LITERAL_NULL_CONVERSION = YES;
				CLANG_WARN_OBJC_LITERAL_CONVERSION = YES;
				CLANG_WARN_OBJC_ROOT_CLASS = YES_ERROR;
				CLANG_WARN_RANGE_LOOP_ANALYSIS = YES;
				CLANG_WARN_STRICT_PROTOTYPES = YES;
				CLANG_WARN_SUSPICIOUS_MOVE = YES;
				CLANG_WARN_UNGUARDED_AVAILABILITY = YES_AGGRESSIVE;
				CLANG_WARN_UNREACHABLE_CODE = YES;
				CLANG_WARN__DUPLICATE_METHOD_MATCH = YES;
				CODE_SIGN_IDENTITY = "iPhone Developer";
				COPY_PHASE_STRIP = NO;
				DEBUG_INFORMATION_FORMAT = dwarf;
				ENABLE_STRICT_OBJC_MSGSEND = YES;
				ENABLE_TESTABILITY = YES;
				GCC_C_LANGUAGE_STANDARD = gnu11;
				GCC_DYNAMIC_NO_PIC = NO;
				GCC_NO_COMMON_BLOCKS = YES;
				GCC_OPTIMIZATION_LEVEL = 0;
				GCC_PREPROCESSOR_DEFINITIONS = (
					"DEBUG=1",
					"$(inherited)",
				);
				GCC_WARN_64_TO_32_BIT_CONVERSION = YES;
				GCC_WARN_ABOUT_RETURN_TYPE = YES_ERROR;
				GCC_WARN_UNDECLARED_SELECTOR = YES;
				GCC_WARN_UNINITIALIZED_AUTOS = YES_AGGRESSIVE;
				GCC_WARN_UNUSED_FUNCTION = YES;
				GCC_WARN_UNUSED_VARIABLE = YES;
				IPHONEOS_DEPLOYMENT_TARGET = 11.2;
				MTL_ENABLE_DEBUG_INFO = YES;
				ONLY_ACTIVE_ARCH = YES;
				SDKROOT = iphoneos;
			};
			name = Debug;
		};
		B665ACBA206B7F26003038C2 /* Release */ = {
			isa = XCBuildConfiguration;
			buildSettings = {
				ALWAYS_SEARCH_USER_PATHS = NO;
				CLANG_ANALYZER_NONNULL = YES;
				CLANG_ANALYZER_NUMBER_OBJECT_CONVERSION = YES_AGGRESSIVE;
				CLANG_CXX_LANGUAGE_STANDARD = "gnu++14";
				CLANG_CXX_LIBRARY = "libc++";
				CLANG_ENABLE_MODULES = YES;
				CLANG_ENABLE_OBJC_ARC = YES;
				CLANG_WARN_BLOCK_CAPTURE_AUTORELEASING = YES;
				CLANG_WARN_BOOL_CONVERSION = YES;
				CLANG_WARN_COMMA = YES;
				CLANG_WARN_CONSTANT_CONVERSION = YES;
				CLANG_WARN_DIRECT_OBJC_ISA_USAGE = YES_ERROR;
				CLANG_WARN_DOCUMENTATION_COMMENTS = YES;
				CLANG_WARN_EMPTY_BODY = YES;
				CLANG_WARN_ENUM_CONVERSION = YES;
				CLANG_WARN_INFINITE_RECURSION = YES;
				CLANG_WARN_INT_CONVERSION = YES;
				CLANG_WARN_NON_LITERAL_NULL_CONVERSION = YES;
				CLANG_WARN_OBJC_LITERAL_CONVERSION = YES;
				CLANG_WARN_OBJC_ROOT_CLASS = YES_ERROR;
				CLANG_WARN_RANGE_LOOP_ANALYSIS = YES;
				CLANG_WARN_STRICT_PROTOTYPES = YES;
				CLANG_WARN_SUSPICIOUS_MOVE = YES;
				CLANG_WARN_UNGUARDED_AVAILABILITY = YES_AGGRESSIVE;
				CLANG_WARN_UNREACHABLE_CODE = YES;
				CLANG_WARN__DUPLICATE_METHOD_MATCH = YES;
				CODE_SIGN_IDENTITY = "iPhone Developer";
				COPY_PHASE_STRIP = NO;
				DEBUG_INFORMATION_FORMAT = "dwarf-with-dsym";
				ENABLE_NS_ASSERTIONS = NO;
				ENABLE_STRICT_OBJC_MSGSEND = YES;
				GCC_C_LANGUAGE_STANDARD = gnu11;
				GCC_NO_COMMON_BLOCKS = YES;
				GCC_WARN_64_TO_32_BIT_CONVERSION = YES;
				GCC_WARN_ABOUT_RETURN_TYPE = YES_ERROR;
				GCC_WARN_UNDECLARED_SELECTOR = YES;
				GCC_WARN_UNINITIALIZED_AUTOS = YES_AGGRESSIVE;
				GCC_WARN_UNUSED_FUNCTION = YES;
				GCC_WARN_UNUSED_VARIABLE = YES;
				IPHONEOS_DEPLOYMENT_TARGET = 11.2;
				MTL_ENABLE_DEBUG_INFO = NO;
				SDKROOT = iphoneos;
				VALIDATE_PRODUCT = YES;
			};
			name = Release;
		};
		B665ACBC206B7F26003038C2 /* Debug */ = {
			isa = XCBuildConfiguration;
			buildSettings = {
				ASSETCATALOG_COMPILER_APPICON_NAME = AppIcon;
				CODE_SIGN_STYLE = Automatic;
				DEVELOPMENT_TEAM = G8BZG77GPE;
				INFOPLIST_FILE = SnapshotDemo/Info.plist;
				LD_RUNPATH_SEARCH_PATHS = "$(inherited) @executable_path/Frameworks";
				PRODUCT_BUNDLE_IDENTIFIER = beiWei36du.SnapshotDemo;
				PRODUCT_NAME = "$(TARGET_NAME)";
				TARGETED_DEVICE_FAMILY = "1,2";
			};
			name = Debug;
		};
		B665ACBD206B7F26003038C2 /* Release */ = {
			isa = XCBuildConfiguration;
			buildSettings = {
				ASSETCATALOG_COMPILER_APPICON_NAME = AppIcon;
				CODE_SIGN_STYLE = Automatic;
				DEVELOPMENT_TEAM = G8BZG77GPE;
				INFOPLIST_FILE = SnapshotDemo/Info.plist;
				LD_RUNPATH_SEARCH_PATHS = "$(inherited) @executable_path/Frameworks";
				PRODUCT_BUNDLE_IDENTIFIER = beiWei36du.SnapshotDemo;
				PRODUCT_NAME = "$(TARGET_NAME)";
				TARGETED_DEVICE_FAMILY = "1,2";
			};
			name = Release;
		};
/* End XCBuildConfiguration section */

/* Begin XCConfigurationList section */
		B665ACA0206B7F26003038C2 /* Build configuration list for PBXProject "SnapshotDemo" */ = {
			isa = XCConfigurationList;
			buildConfigurations = (
				B665ACB9206B7F26003038C2 /* Debug */,
				B665ACBA206B7F26003038C2 /* Release */,
			);
			defaultConfigurationIsVisible = 0;
			defaultConfigurationName = Release;
		};
		B665ACBB206B7F26003038C2 /* Build configuration list for PBXNativeTarget "SnapshotDemo" */ = {
			isa = XCConfigurationList;
			buildConfigurations = (
				B665ACBC206B7F26003038C2 /* Debug */,
				B665ACBD206B7F26003038C2 /* Release */,
			);
			defaultConfigurationIsVisible = 0;
			defaultConfigurationName = Release;
		};
/* End XCConfigurationList section */
	};
	rootObject = B665AC9D206B7F26003038C2 /* Project object */;
}
